{
  "version": 4,
  "terraform_version": "1.15.8",
  "serial": 1800,
  "lineage": "c2a0fd97-7796-eecc-be88-fecad85815dc",
  "outputs": {},
  "resources": [
    {
      "mode": "managed",
      "type": "azurerm_public_ip",
      "name": "pip01-appliance",
      "provider": "provider[\"registry.terraform.io/hashicorp/azurerm\"]",
      "instances": [
        {
          "schema_version": 0,
          "attributes": {
            "allocation_method": "Static",
            "ddos_protection_mode": "VirtualNetworkInherited",
            "ddos_protection_plan_id": null,
            "domain_name_label": "",
            "domain_name_label_scope": "",
            "edge_zone": "",
            "fqdn": "",
            "id": "/subscriptions/228644ca-b513-4f29-a2d9-3f543b0c6f40/resourceGroups/3-tier-rg/providers/Microsoft.Network/publicIPAddresses/pip-01-appliance",
            "idle_timeout_in_minutes": 4,
            "ip_address": "20.219.32.216",
            "ip_tags": {},
            "ip_version": "IPv4",
            "location": "centralindia",
            "name": "pip-01-appliance",
            "public_ip_prefix_id": null,
            "resource_group_name": "3-tier-rg",
            "reverse_fqdn": "",
            "sku": "Standard",
            "sku_tier": "Regional",
            "tags": {},
            "timeouts": null,
            "zones": []
          },
          "sensitive_attributes": [],
          "identity_schema_version": 0,
          "identity": {
            "name": "pip-01-appliance",
            "resource_group_name": "3-tier-rg",
            "subscription_id": "228644ca-b513-4f29-a2d9-3f543b0c6f40"
          },
          "private": "eyJlMmJmYjczMC1lY2FhLTExZTYtOGY4OC0zNDM2M2JjN2M0YzAiOnsiY3JlYXRlIjoxODAwMDAwMDAwMDAwLCJkZWxldGUiOjE4MDAwMDAwMDAwMDAsInJlYWQiOjMwMDAwMDAwMDAwMCwidXBkYXRlIjoxODAwMDAwMDAwMDAwfX0=",
          "dependencies": [
            "azurerm_resource_group.rg01"
          ]
        }
      ]
    },
    {
      "mode": "managed",
      "type": "azurerm_resource_group",
      "name": "rg01",
      "provider": "provider[\"registry.terraform.io/hashicorp/azurerm\"]",
      "instances": [
        {
          "schema_version": 0,
          "attributes": {
            "id": "/subscriptions/228644ca-b513-4f29-a2d9-3f543b0c6f40/resourceGroups/3-tier-rg",
            "location": "centralindia",
            "managed_by": "",
            "name": "3-tier-rg",
            "tags": {},
            "timeouts": null
          },
          "sensitive_attributes": [],
          "identity_schema_version": 0,
          "identity": {
            "name": "3-tier-rg",
            "subscription_id": "228644ca-b513-4f29-a2d9-3f543b0c6f40"
          },
          "private": "eyJlMmJmYjczMC1lY2FhLTExZTYtOGY4OC0zNDM2M2JjN2M0YzAiOnsiY3JlYXRlIjo1NDAwMDAwMDAwMDAwLCJkZWxldGUiOjU0MDAwMDAwMDAwMDAsInJlYWQiOjMwMDAwMDAwMDAwMCwidXBkYXRlIjo1NDAwMDAwMDAwMDAwfX0="
        }
      ]
    },
    {
      "mode": "managed",
      "type": "azurerm_subnet",
      "name": "subnet01-vnethub",
      "provider": "provider[\"registry.terraform.io/hashicorp/azurerm\"]",
      "instances": [
        {
          "schema_version": 0,
          "attributes": {
            "address_prefixes": [
              "10.0.1.0/24"
            ],
            "default_outbound_access_enabled": true,
            "delegation": [],
            "id": "/subscriptions/228644ca-b513-4f29-a2d9-3f543b0c6f40/resourceGroups/3-tier-rg/providers/Microsoft.Network/virtualNetworks/vnet-hub/subnets/virtualappliance-subnet",
            "ip_address_pool": [],
            "name": "virtualappliance-subnet",
            "network_security_group_id": "/subscriptions/228644ca-b513-4f29-a2d9-3f543b0c6f40/resourceGroups/3-tier-rg/providers/Microsoft.Network/networkSecurityGroups/nsg-01-hub",
            "network_security_group_id_wo": null,
            "network_security_group_id_wo_version": 0,
            "private_endpoint_network_policies": "Disabled",
            "private_link_service_network_policies_enabled": true,
            "resource_group_name": "3-tier-rg",
            "route_table_id": "",
            "route_table_id_wo": null,
            "route_table_id_wo_version": 0,
            "service_endpoint": [],
            "service_endpoint_policy_ids": [],
            "sharing_scope": "",
            "timeouts": null,
            "virtual_network_name": "vnet-hub"
          },
          "sensitive_attributes": [],
          "identity_schema_version": 0,
          "identity": {
            "name": "virtualappliance-subnet",
            "resource_group_name": "3-tier-rg",
            "subscription_id": "228644ca-b513-4f29-a2d9-3f543b0c6f40",
            "virtual_network_name": "vnet-hub"
          },
          "private": "eyJlMmJmYjczMC1lY2FhLTExZTYtOGY4OC0zNDM2M2JjN2M0YzAiOnsiY3JlYXRlIjoxODAwMDAwMDAwMDAwLCJkZWxldGUiOjE4MDAwMDAwMDAwMDAsInJlYWQiOjMwMDAwMDAwMDAwMCwidXBkYXRlIjoxODAwMDAwMDAwMDAwfX0=",
          "dependencies": [
            "azurerm_resource_group.rg01",
            "azurerm_virtual_network.vnethub"
          ]
        }
      ]
    },
    {
      "mode": "managed",
      "type": "azurerm_virtual_network",
      "name": "vnetdatabase",
      "provider": "provider[\"registry.terraform.io/hashicorp/azurerm\"]",
      "instances": [
        {
          "schema_version": 0,
          "attributes": {
            "address_space": [
              "11.0.0.0/16"
            ],
            "bgp_community": "",
            "ddos_protection_plan": [],
            "dns_servers": [],
            "edge_zone": "",
            "encryption": [],
            "flow_timeout_in_minutes": 0,
            "guid": "c565062a-47d2-49fd-8699-067fef1c1626",
            "id": "/subscriptions/228644ca-b513-4f29-a2d9-3f543b0c6f40/resourceGroups/3-tier-rg/providers/Microsoft.Network/virtualNetworks/vnet-database",
            "ip_address_pool": [],
            "location": "centralindia",
            "name": "vnet-database",
            "private_endpoint_vnet_policies": "Disabled",
            "resource_group_name": "3-tier-rg",
            "subnet": [
              {
                "address_prefixes": [
                  "11.0.0.0/24"
                ],
                "default_outbound_access_enabled": true,
                "delegation": [],
                "id": "/subscriptions/228644ca-b513-4f29-a2d9-3f543b0c6f40/resourceGroups/3-tier-rg/providers/Microsoft.Network/virtualNetworks/vnet-database/subnets/vnet-database-subnet",
                "name": "vnet-database-subnet",
                "private_endpoint_network_policies": "Disabled",
                "private_link_service_network_policies_enabled": true,
                "route_table_id": "",
                "security_group": "/subscriptions/228644ca-b513-4f29-a2d9-3f543b0c6f40/resourceGroups/3-tier-rg/providers/Microsoft.Network/networkSecurityGroups/nsg-01-database",
                "service_endpoint": [],
                "service_endpoint_policy_ids": []
              }
            ],
            "tags": {},
            "timeouts": null
          },
          "sensitive_attributes": [],
          "identity_schema_version": 0,
          "identity": {
            "name": "vnet-database",
            "resource_group_name": "3-tier-rg",
            "subscription_id": "228644ca-b513-4f29-a2d9-3f543b0c6f40"
          },
          "private": "eyJlMmJmYjczMC1lY2FhLTExZTYtOGY4OC0zNDM2M2JjN2M0YzAiOnsiY3JlYXRlIjoxODAwMDAwMDAwMDAwLCJkZWxldGUiOjE4MDAwMDAwMDAwMDAsInJlYWQiOjMwMDAwMDAwMDAwMCwidXBkYXRlIjoxODAwMDAwMDAwMDAwfX0=",
          "dependencies": [
            "azurerm_resource_group.rg01"
          ]
        }
      ]
    },
    {
      "mode": "managed",
      "type": "azurerm_virtual_network",
      "name": "vnethub",
      "provider": "provider[\"registry.terraform.io/hashicorp/azurerm\"]",
      "instances": [
        {
          "schema_version": 0,
          "attributes": {
            "address_space": [
              "10.0.0.0/16"
            ],
            "bgp_community": "",
            "ddos_protection_plan": [],
            "dns_servers": [],
            "edge_zone": "",
            "encryption": [],
            "flow_timeout_in_minutes": 0,
            "guid": "f7fe3b0d-6a1d-40a8-98f9-286a39c9afe2",
            "id": "/subscriptions/228644ca-b513-4f29-a2d9-3f543b0c6f40/resourceGroups/3-tier-rg/providers/Microsoft.Network/virtualNetworks/vnet-hub",
            "ip_address_pool": [],
            "location": "centralindia",
            "name": "vnet-hub",
            "private_endpoint_vnet_policies": "Disabled",
            "resource_group_name": "3-tier-rg",
            "subnet": [
              {
                "address_prefixes": [
                  "10.0.0.0/24"
                ],
                "default_outbound_access_enabled": true,
                "delegation": [],
                "id": "/subscriptions/228644ca-b513-4f29-a2d9-3f543b0c6f40/resourceGroups/3-tier-rg/providers/Microsoft.Network/virtualNetworks/vnet-hub/subnets/application-gw-subnet",
                "name": "application-gw-subnet",
                "private_endpoint_network_policies": "Disabled",
                "private_link_service_network_policies_enabled": true,
                "route_table_id": "",
                "security_group": "",
                "service_endpoint": [],
                "service_endpoint_policy_ids": []
              },
              {
                "address_prefixes": [
                  "10.0.1.0/24"
                ],
                "default_outbound_access_enabled": true,
                "delegation": [],
                "id": "/subscriptions/228644ca-b513-4f29-a2d9-3f543b0c6f40/resourceGroups/3-tier-rg/providers/Microsoft.Network/virtualNetworks/vnet-hub/subnets/virtualappliance-subnet",
                "name": "virtualappliance-subnet",
                "private_endpoint_network_policies": "Disabled",
                "private_link_service_network_policies_enabled": true,
                "route_table_id": "",
                "security_group": "/subscriptions/228644ca-b513-4f29-a2d9-3f543b0c6f40/resourceGroups/3-tier-rg/providers/Microsoft.Network/networkSecurityGroups/nsg-01-hub",
                "service_endpoint": [],
                "service_endpoint_policy_ids": []
              }
            ],
            "tags": {},
            "timeouts": null
          },
          "sensitive_attributes": [],
          "identity_schema_version": 0,
          "identity": {
            "name": "vnet-hub",
            "resource_group_name": "3-tier-rg",
            "subscription_id": "228644ca-b513-4f29-a2d9-3f543b0c6f40"
          },
          "private": "eyJlMmJmYjczMC1lY2FhLTExZTYtOGY4OC0zNDM2M2JjN2M0YzAiOnsiY3JlYXRlIjoxODAwMDAwMDAwMDAwLCJkZWxldGUiOjE4MDAwMDAwMDAwMDAsInJlYWQiOjMwMDAwMDAwMDAwMCwidXBkYXRlIjoxODAwMDAwMDAwMDAwfX0=",
          "dependencies": [
            "azurerm_resource_group.rg01"
          ]
        }
      ]
    }
  ],
  "check_results": null
}
